PODS:
  - UIKBasicKit (0.1.1):
    - UIKLayout
  - UIKLayout (0.1.5)

DEPENDENCIES:
  - UIKBasicKit (from `../`)
  - UIKLayout

SPEC REPOS:
  trunk:
    - UIKLayout

EXTERNAL SOURCES:
  UIKBasicKit:
    :path: "../"

SPEC CHECKSUMS:
  UIKBasicKit: 666b5a90467637e2df4f514e1bb96df1ea7c7a3a
  UIKLayout: cd813fa6868090a5972174b4db868c7322d4225f

PODFILE CHECKSUM: 8ffc2781e52b98feeefea28ed713c83f1275b2a3

COCOAPODS: 1.12.1
