PODS:
  - UIKBasicKit (0.1.2):
    - UIKLayout
  - UIKLayout (0.1.5)

DEPENDENCIES:
  - UIKBasicKit (from `../`)
  - UIKLayout

SPEC REPOS:
  trunk:
    - UIKLayout

EXTERNAL SOURCES:
  UIKBasicKit:
    :path: "../"

SPEC CHECKSUMS:
  UIKBasicKit: e494e0b2b6aeb1985701b657eb696f18cb96a837
  UIKLayout: cd813fa6868090a5972174b4db868c7322d4225f

PODFILE CHECKSUM: 8ffc2781e52b98feeefea28ed713c83f1275b2a3

COCOAPODS: 1.12.1
